# This file is generated by running "yarn install" inside your project.
# Manual changes might be lost - proceed with caution!

__metadata:
  version: 4
  cacheKey: 7

"@craftjs/core@npm:^0.1.0-beta.16":
  version: 0.1.0-beta.16
  resolution: "@craftjs/core@npm:0.1.0-beta.16"
  dependencies:
    "@craftjs/utils": ^0.1.0-beta.16
    "@types/react": ^16.9.11
    debounce: ^1.2.0
    immer: ^3.1.3
    lodash: ^4.17.20
    shortid: ^2.2.15
    tiny-invariant: ^1.0.6
  peerDependencies:
    react: ^16.8.0
  checksum: 01f257d215d66c461ff00a91edc82255c0adc484605dbc2d82f9968b44c96c51bdbcf4f87db3592c93261685e3f398a9d60c14e58890fbd35e9ef10b89c338f2
  languageName: node
  linkType: hard

"@craftjs/utils@npm:^0.1.0-beta.16":
  version: 0.1.0-beta.16
  resolution: "@craftjs/utils@npm:0.1.0-beta.16"
  dependencies:
    "@types/react": ^16.9.11
    immer: ^3.1.3
    lodash: ^4.17.20
    tiny-invariant: ^1.0.6
  peerDependencies:
    react: ^16.11.0
  checksum: eb0689da89ed317f9187360ba937aaeaa6468cfd126ec4dfea4668505f1be0b2694455cb386b87cdbda59833342dc074c785fbe650ff88a828b01fcbe4af65fd
  languageName: node
  linkType: hard

"@types/prop-types@npm:*":
  version: 15.7.3
  resolution: "@types/prop-types@npm:15.7.3"
  checksum: bd0eab69d5120ad3784d0c9985f902653d5924707a7f2b3702a330e762dfd61b6494954cb54ad0c52b918ffd6f1e7e27c9270e4442bc15250de348596f2f60cb
  languageName: node
  linkType: hard

"@types/react@npm:^16.9.11":
  version: 16.14.5
  resolution: "@types/react@npm:16.14.5"
  dependencies:
    "@types/prop-types": "*"
    "@types/scheduler": "*"
    csstype: ^3.0.2
  checksum: 76840cce4dae25a17b1f35950bb232b0bc98beceb45766695f4b0226758aff346cebd3830ffe5f67c3e0030ac24d3ea899750c46e49ee405a2b6d72e87a855ed
  languageName: node
  linkType: hard

"@types/react@npm:^17":
  version: 17.0.3
  resolution: "@types/react@npm:17.0.3"
  dependencies:
    "@types/prop-types": "*"
    "@types/scheduler": "*"
    csstype: ^3.0.2
  checksum: 5bcaabadc90a23ad9008540eae98a5819b638c4cf1b968adc67be47d6a8dc8cb100061d877dae97618fb275e405dc484b37154080c7ac0ea7df5efcdd8f98c24
  languageName: node
  linkType: hard

"@types/scheduler@npm:*":
  version: 0.16.1
  resolution: "@types/scheduler@npm:0.16.1"
  checksum: 0124c2e4dee5e9b8c8524fcd6b1b8ea0b807b132e593925db04cdcc92ca2779a0d27c79414e60454b4458361a4d8319fa2b59d20585054f21617d1e9acf46a6f
  languageName: node
  linkType: hard

"craftjs-test@workspace:.":
  version: 0.0.0-use.local
  resolution: "craftjs-test@workspace:."
  dependencies:
    "@craftjs/core": ^0.1.0-beta.16
    "@types/react": ^17
    react: ^17.0.2
    typescript: ^4.2.4
  languageName: unknown
  linkType: soft

"csstype@npm:^3.0.2":
  version: 3.0.7
  resolution: "csstype@npm:3.0.7"
  checksum: 76d542d719cd6bca7c491e6425a28873f76b0f4cf602b626a9fee105806446be4fab2191c5d18a045aea412bb3d5dcb5cab9414328080c672671433b786746f5
  languageName: node
  linkType: hard

"debounce@npm:^1.2.0":
  version: 1.2.1
  resolution: "debounce@npm:1.2.1"
  checksum: 04a00c6c45173ac6fb03ad3a7cf742fa4a86f6bf86b22f5b867085f739d0010ad98cbb92e80d60293faf6efb5452c637941092bd8d783cfeabe55c2000b1b07f
  languageName: node
  linkType: hard

"immer@npm:^3.1.3":
  version: 3.3.0
  resolution: "immer@npm:3.3.0"
  checksum: 022d417742f16870c27ce7d114cc8e4b5b1124b4c081059f93f151074630dc5451908d2c939e7cf42d982a56dbaf8d0e871690d928abf815ed9b18864dca861b
  languageName: node
  linkType: hard

"js-tokens@npm:^3.0.0 || ^4.0.0":
  version: 4.0.0
  resolution: "js-tokens@npm:4.0.0"
  checksum: 1fc4e4667ac2d972aba65148b9cbf9c17566b2394d3504238d8492bbd3e68f496c657eab06b26b40b17db5cac0a34d153a12130e2d2d2bb6dc2cdc8a4764eb1b
  languageName: node
  linkType: hard

"lodash@npm:^4.17.20":
  version: 4.17.21
  resolution: "lodash@npm:4.17.21"
  checksum: 4983720b9abca930a4a46f18db163d7dad8dd00dbed6db0cc7b499b33b717cce69f80928b27bbb1ff2cbd3b19d251ee90669a8b5ea466072ca81c2ebe91e7468
  languageName: node
  linkType: hard

"loose-envify@npm:^1.1.0":
  version: 1.4.0
  resolution: "loose-envify@npm:1.4.0"
  dependencies:
    js-tokens: ^3.0.0 || ^4.0.0
  bin:
    loose-envify: cli.js
  checksum: 5c3b47bbe5f597a3889fb001a3a98aaea2a3fafa48089c19034de1e0121bf57dbee609d184478514d74d5c5a7e9cfa3d846343455e5123b060040d46c39e91dc
  languageName: node
  linkType: hard

"nanoid@npm:^2.1.0":
  version: 2.1.11
  resolution: "nanoid@npm:2.1.11"
  checksum: 41453e344e3abb189cd3baa3ab52685601d7220f86ce73f6a1d9594ebae286c2acf47a20b5aa9cf11933b587b69c6007e88f190ca266450c2fbe20be6db43a29
  languageName: node
  linkType: hard

"object-assign@npm:^4.1.1":
  version: 4.1.1
  resolution: "object-assign@npm:4.1.1"
  checksum: 66cf021898fc1b13ea573ea8635fbd5a76533f50cecbc2fcd5eee1e8029af41bcebe7023788b6d0e06cbe4401ecea075d972f78ec74467cdc571a0f1a4d1a081
  languageName: node
  linkType: hard

"react@npm:^17.0.2":
  version: 17.0.2
  resolution: "react@npm:17.0.2"
  dependencies:
    loose-envify: ^1.1.0
    object-assign: ^4.1.1
  checksum: 7d0dfebafe1d297503157abb2e9acdb49852185deb8700c16f4a6faad87642f84903ab18cfc16f40b9a0dfe97540f99834982ee953e6d48b39c41608dc3e4b29
  languageName: node
  linkType: hard

"shortid@npm:^2.2.15":
  version: 2.2.16
  resolution: "shortid@npm:2.2.16"
  dependencies:
    nanoid: ^2.1.0
  checksum: 4944a69c6d5528311b45db12eb0f1eff64a326f91ff4c730704b00a2d096d1c6e319ff859ae6832afaa77df65ef86d4175c3b447713cc7d6253ffef7863f0f8f
  languageName: node
  linkType: hard

"tiny-invariant@npm:^1.0.6":
  version: 1.1.0
  resolution: "tiny-invariant@npm:1.1.0"
  checksum: 64318fbd77c451cfff23b57b9f3aef56594d9cea051a87dc538c9b371f97e8d474eaa2a7cbd60b8aa23f852393152495e8651b197607465fdf9c8ff134043b1b
  languageName: node
  linkType: hard

typescript@^4.2.4:
  version: 4.2.4
  resolution: "typescript@npm:4.2.4"
  bin:
    tsc: bin/tsc
    tsserver: bin/tsserver
  checksum: edaede2fa77f56b7fba80ee624a2368ab1216e75b0434d968ccb47ab0a5e2f6d94f848b3b111c1237dd71e988cd376af26370dcdad3b94355c76e759f0dd0a1e
  languageName: node
  linkType: hard

"typescript@patch:typescript@^4.2.4#builtin<compat/typescript>":
  version: 4.2.4
  resolution: "typescript@patch:typescript@npm%3A4.2.4#builtin<compat/typescript>::version=4.2.4&hash=a45b0e"
  bin:
    tsc: bin/tsc
    tsserver: bin/tsserver
  checksum: 3be44317593182e8ce494c114e7ad9b0bb2553a22f3085cc6da4f0a36912c20850daa9be4c898af2ab6fc8b12f430c1c9e46ac715721867cd38643f2350d3ef9
  languageName: node
  linkType: hard
